
Microsoft Visual Studio Solution File, Format Version 12.00
# Visual Studio Version 17
VisualStudioVersion = 17.1.32328.378
MinimumVisualStudioVersion = 10.0.40219.1
Project("{9A19103F-16F7-4668-BE54-9A1E7A4F7556}") = "School", "School.csproj", "{600E628C-0726-4FC9-B1B4-239A1884A44C}"
EndProject
Project("{9A19103F-16F7-4668-BE54-9A1E7A4F7556}") = "School.DataInfrastructure", "..\School.DataInfrastructure\School.DataInfrastructure.csproj", "{AE6178A4-9BAD-41AE-9D93-C65FC221AC4E}"
EndProject
Project("{FAE04EC0-301F-11D3-BF4B-00C04F79EFBC}") = "School.Test", "..\School.Test\School.Test.csproj", "{D0D91450-9643-454E-B1D3-6DBC0277296F}"
EndProject
Global
	GlobalSection(SolutionConfigurationPlatforms) = preSolution
		Debug|Any CPU = Debug|Any CPU
		Release|Any CPU = Release|Any CPU
	EndGlobalSection
	GlobalSection(ProjectConfigurationPlatforms) = postSolution
		{600E628C-0726-4FC9-B1B4-239A1884A44C}.Debug|Any CPU.ActiveCfg = Debug|Any CPU
		{600E628C-0726-4FC9-B1B4-239A1884A44C}.Debug|Any CPU.Build.0 = Debug|Any CPU
		{600E628C-0726-4FC9-B1B4-239A1884A44C}.Release|Any CPU.ActiveCfg = Release|Any CPU
		{600E628C-0726-4FC9-B1B4-239A1884A44C}.Release|Any CPU.Build.0 = Release|Any CPU
		{AE6178A4-9BAD-41AE-9D93-C65FC221AC4E}.Debug|Any CPU.ActiveCfg = Debug|Any CPU
		{AE6178A4-9BAD-41AE-9D93-C65FC221AC4E}.Debug|Any CPU.Build.0 = Debug|Any CPU
		{AE6178A4-9BAD-41AE-9D93-C65FC221AC4E}.Release|Any CPU.ActiveCfg = Release|Any CPU
		{AE6178A4-9BAD-41AE-9D93-C65FC221AC4E}.Release|Any CPU.Build.0 = Release|Any CPU
		{D0D91450-9643-454E-B1D3-6DBC0277296F}.Debug|Any CPU.ActiveCfg = Debug|Any CPU
		{D0D91450-9643-454E-B1D3-6DBC0277296F}.Debug|Any CPU.Build.0 = Debug|Any CPU
		{D0D91450-9643-454E-B1D3-6DBC0277296F}.Release|Any CPU.ActiveCfg = Release|Any CPU
		{D0D91450-9643-454E-B1D3-6DBC0277296F}.Release|Any CPU.Build.0 = Release|Any CPU
	EndGlobalSection
	GlobalSection(SolutionProperties) = preSolution
		HideSolutionNode = FALSE
	EndGlobalSection
	GlobalSection(ExtensibilityGlobals) = postSolution
		SolutionGuid = {460A37CD-469A-47B9-84CA-952139F27F0C}
	EndGlobalSection
EndGlobal
