
Microsoft Visual Studio Solution File, Format Version 12.00
# Visual Studio Version 17
VisualStudioVersion = 17.1.32328.378
MinimumVisualStudioVersion = 10.0.40219.1
Project("{FAE04EC0-301F-11D3-BF4B-00C04F79EFBC}") = "ClientAPITest", "ClientAPITest\ClientAPITest.csproj", "{51538300-360D-4354-B0B3-BC7ECB088620}"
EndProject
Project("{FAE04EC0-301F-11D3-BF4B-00C04F79EFBC}") = "DTOs", "DTOs\DTOs.csproj", "{011FA19B-E619-4C86-86BF-FFE66E4F7414}"
EndProject
Global
	GlobalSection(SolutionConfigurationPlatforms) = preSolution
		Debug|Any CPU = Debug|Any CPU
		Release|Any CPU = Release|Any CPU
	EndGlobalSection
	GlobalSection(ProjectConfigurationPlatforms) = postSolution
		{51538300-360D-4354-B0B3-BC7ECB088620}.Debug|Any CPU.ActiveCfg = Debug|Any CPU
		{51538300-360D-4354-B0B3-BC7ECB088620}.Debug|Any CPU.Build.0 = Debug|Any CPU
		{51538300-360D-4354-B0B3-BC7ECB088620}.Release|Any CPU.ActiveCfg = Release|Any CPU
		{51538300-360D-4354-B0B3-BC7ECB088620}.Release|Any CPU.Build.0 = Release|Any CPU
		{011FA19B-E619-4C86-86BF-FFE66E4F7414}.Debug|Any CPU.ActiveCfg = Debug|Any CPU
		{011FA19B-E619-4C86-86BF-FFE66E4F7414}.Debug|Any CPU.Build.0 = Debug|Any CPU
		{011FA19B-E619-4C86-86BF-FFE66E4F7414}.Release|Any CPU.ActiveCfg = Release|Any CPU
		{011FA19B-E619-4C86-86BF-FFE66E4F7414}.Release|Any CPU.Build.0 = Release|Any CPU
	EndGlobalSection
	GlobalSection(SolutionProperties) = preSolution
		HideSolutionNode = FALSE
	EndGlobalSection
	GlobalSection(ExtensibilityGlobals) = postSolution
		SolutionGuid = {70D94492-33C5-49AB-AA69-CEDC91AAC89E}
	EndGlobalSection
EndGlobal
